
Microsoft Visual Studio Solution File, Format Version 12.00
# Visual Studio Version 16
VisualStudioVersion = 16.0.30717.126
MinimumVisualStudioVersion = 10.0.40219.1
Project("{FAE04EC0-301F-11D3-BF4B-00C04F79EFBC}") = "HW01", "HW01.csproj", "{4FA169DA-69D8-4745-A50C-C5709192930B}"
EndProject
Project("{FAE04EC0-301F-11D3-BF4B-00C04F79EFBC}") = "HW01Test", "..\HW01Test\HW01Test.csproj", "{0011880B-32AB-4ACB-B7B9-46A2668CF2BA}"
EndProject
Global
	GlobalSection(SolutionConfigurationPlatforms) = preSolution
		Debug|Any CPU = Debug|Any CPU
		Release|Any CPU = Release|Any CPU
	EndGlobalSection
	GlobalSection(ProjectConfigurationPlatforms) = postSolution
		{4FA169DA-69D8-4745-A50C-C5709192930B}.Debug|Any CPU.ActiveCfg = Debug|Any CPU
		{4FA169DA-69D8-4745-A50C-C5709192930B}.Debug|Any CPU.Build.0 = Debug|Any CPU
		{4FA169DA-69D8-4745-A50C-C5709192930B}.Release|Any CPU.ActiveCfg = Release|Any CPU
		{4FA169DA-69D8-4745-A50C-C5709192930B}.Release|Any CPU.Build.0 = Release|Any CPU
		{0011880B-32AB-4ACB-B7B9-46A2668CF2BA}.Debug|Any CPU.ActiveCfg = Debug|Any CPU
		{0011880B-32AB-4ACB-B7B9-46A2668CF2BA}.Debug|Any CPU.Build.0 = Debug|Any CPU
		{0011880B-32AB-4ACB-B7B9-46A2668CF2BA}.Release|Any CPU.ActiveCfg = Release|Any CPU
		{0011880B-32AB-4ACB-B7B9-46A2668CF2BA}.Release|Any CPU.Build.0 = Release|Any CPU
	EndGlobalSection
	GlobalSection(SolutionProperties) = preSolution
		HideSolutionNode = FALSE
	EndGlobalSection
	GlobalSection(ExtensibilityGlobals) = postSolution
		SolutionGuid = {81CF334C-79B4-4A44-9D58-D751D6A87D44}
	EndGlobalSection
EndGlobal
